
Microsoft Visual Studio Solution File, Format Version 12.00
# Visual Studio Version 16
VisualStudioVersion = 16.0.29306.81
MinimumVisualStudioVersion = 10.0.40219.1
Project("{FAE04EC0-301F-11D3-BF4B-00C04F79EFBC}") = "ADVBLOCKHERO.UWP", "ADVBLOCKHERO\ADVBLOCKHERO.UWP\ADVBLOCKHERO.UWP.csproj", "{D960AC0C-2CDA-409F-A0FF-50712DA64EB0}"
EndProject
Project("{FAE04EC0-301F-11D3-BF4B-00C04F79EFBC}") = "ADVBLOCKHERO.Android", "ADVBLOCKHERO\ADVBLOCKHERO.Android\ADVBLOCKHERO.Android.csproj", "{C770E722-7363-40DC-ADE1-9ECC5F329A52}"
EndProject
Project("{FAE04EC0-301F-11D3-BF4B-00C04F79EFBC}") = "ADVBLOCKHERO.iOS", "ADVBLOCKHERO\ADVBLOCKHERO.iOS\ADVBLOCKHERO.iOS.csproj", "{EDF16795-566A-40F4-87F4-9246472914B8}"
EndProject
Project("{FAE04EC0-301F-11D3-BF4B-00C04F79EFBC}") = "ADVBLOCKHERO", "ADVBLOCKHERO\ADVBLOCKHERO\ADVBLOCKHERO.csproj", "{5F5C454D-48C6-485D-BFF6-CB2249E43AF7}"
EndProject
Global
	GlobalSection(SolutionConfigurationPlatforms) = preSolution
		Debug|Any CPU = Debug|Any CPU
		Debug|ARM = Debug|ARM
		Debug|iPhone = Debug|iPhone
		Debug|iPhoneSimulator = Debug|iPhoneSimulator
		Debug|x64 = Debug|x64
		Debug|x86 = Debug|x86
		Release|Any CPU = Release|Any CPU
		Release|ARM = Release|ARM
		Release|iPhone = Release|iPhone
		Release|iPhoneSimulator = Release|iPhoneSimulator
		Release|x64 = Release|x64
		Release|x86 = Release|x86
	EndGlobalSection
	GlobalSection(ProjectConfigurationPlatforms) = postSolution
		{D960AC0C-2CDA-409F-A0FF-50712DA64EB0}.Debug|Any CPU.ActiveCfg = Debug|x86
		{D960AC0C-2CDA-409F-A0FF-50712DA64EB0}.Debug|Any CPU.Build.0 = Debug|x86
		{D960AC0C-2CDA-409F-A0FF-50712DA64EB0}.Debug|Any CPU.Deploy.0 = Debug|x86
		{D960AC0C-2CDA-409F-A0FF-50712DA64EB0}.Debug|ARM.ActiveCfg = Debug|ARM
		{D960AC0C-2CDA-409F-A0FF-50712DA64EB0}.Debug|ARM.Build.0 = Debug|ARM
		{D960AC0C-2CDA-409F-A0FF-50712DA64EB0}.Debug|ARM.Deploy.0 = Debug|ARM
		{D960AC0C-2CDA-409F-A0FF-50712DA64EB0}.Debug|iPhone.ActiveCfg = Debug|x86
		{D960AC0C-2CDA-409F-A0FF-50712DA64EB0}.Debug|iPhone.Build.0 = Debug|x86
		{D960AC0C-2CDA-409F-A0FF-50712DA64EB0}.Debug|iPhone.Deploy.0 = Debug|x86
		{D960AC0C-2CDA-409F-A0FF-50712DA64EB0}.Debug|iPhoneSimulator.ActiveCfg = Debug|x86
		{D960AC0C-2CDA-409F-A0FF-50712DA64EB0}.Debug|iPhoneSimulator.Build.0 = Debug|x86
		{D960AC0C-2CDA-409F-A0FF-50712DA64EB0}.Debug|iPhoneSimulator.Deploy.0 = Debug|x86
		{D960AC0C-2CDA-409F-A0FF-50712DA64EB0}.Debug|x64.ActiveCfg = Debug|x64
		{D960AC0C-2CDA-409F-A0FF-50712DA64EB0}.Debug|x64.Build.0 = Debug|x64
		{D960AC0C-2CDA-409F-A0FF-50712DA64EB0}.Debug|x64.Deploy.0 = Debug|x64
		{D960AC0C-2CDA-409F-A0FF-50712DA64EB0}.Debug|x86.ActiveCfg = Debug|x86
		{D960AC0C-2CDA-409F-A0FF-50712DA64EB0}.Debug|x86.Build.0 = Debug|x86
		{D960AC0C-2CDA-409F-A0FF-50712DA64EB0}.Debug|x86.Deploy.0 = Debug|x86
		{D960AC0C-2CDA-409F-A0FF-50712DA64EB0}.Release|Any CPU.ActiveCfg = Release|x86
		{D960AC0C-2CDA-409F-A0FF-50712DA64EB0}.Release|Any CPU.Build.0 = Release|x86
		{D960AC0C-2CDA-409F-A0FF-50712DA64EB0}.Release|Any CPU.Deploy.0 = Release|x86
		{D960AC0C-2CDA-409F-A0FF-50712DA64EB0}.Release|ARM.ActiveCfg = Release|ARM
		{D960AC0C-2CDA-409F-A0FF-50712DA64EB0}.Release|ARM.Build.0 = Release|ARM
		{D960AC0C-2CDA-409F-A0FF-50712DA64EB0}.Release|ARM.Deploy.0 = Release|ARM
		{D960AC0C-2CDA-409F-A0FF-50712DA64EB0}.Release|iPhone.ActiveCfg = Release|x86
		{D960AC0C-2CDA-409F-A0FF-50712DA64EB0}.Release|iPhone.Build.0 = Release|x86
		{D960AC0C-2CDA-409F-A0FF-50712DA64EB0}.Release|iPhone.Deploy.0 = Release|x86
		{D960AC0C-2CDA-409F-A0FF-50712DA64EB0}.Release|iPhoneSimulator.ActiveCfg = Release|x86
		{D960AC0C-2CDA-409F-A0FF-50712DA64EB0}.Release|iPhoneSimulator.Build.0 = Release|x86
		{D960AC0C-2CDA-409F-A0FF-50712DA64EB0}.Release|iPhoneSimulator.Deploy.0 = Release|x86
		{D960AC0C-2CDA-409F-A0FF-50712DA64EB0}.Release|x64.ActiveCfg = Release|x64
		{D960AC0C-2CDA-409F-A0FF-50712DA64EB0}.Release|x64.Build.0 = Release|x64
		{D960AC0C-2CDA-409F-A0FF-50712DA64EB0}.Release|x64.Deploy.0 = Release|x64
		{D960AC0C-2CDA-409F-A0FF-50712DA64EB0}.Release|x86.ActiveCfg = Release|x86
		{D960AC0C-2CDA-409F-A0FF-50712DA64EB0}.Release|x86.Build.0 = Release|x86
		{D960AC0C-2CDA-409F-A0FF-50712DA64EB0}.Release|x86.Deploy.0 = Release|x86
		{C770E722-7363-40DC-ADE1-9ECC5F329A52}.Debug|Any CPU.ActiveCfg = Debug|Any CPU
		{C770E722-7363-40DC-ADE1-9ECC5F329A52}.Debug|Any CPU.Build.0 = Debug|Any CPU
		{C770E722-7363-40DC-ADE1-9ECC5F329A52}.Debug|Any CPU.Deploy.0 = Debug|Any CPU
		{C770E722-7363-40DC-ADE1-9ECC5F329A52}.Debug|ARM.ActiveCfg = Debug|Any CPU
		{C770E722-7363-40DC-ADE1-9ECC5F329A52}.Debug|ARM.Build.0 = Debug|Any CPU
		{C770E722-7363-40DC-ADE1-9ECC5F329A52}.Debug|ARM.Deploy.0 = Debug|Any CPU
		{C770E722-7363-40DC-ADE1-9ECC5F329A52}.Debug|iPhone.ActiveCfg = Debug|Any CPU
		{C770E722-7363-40DC-ADE1-9ECC5F329A52}.Debug|iPhone.Build.0 = Debug|Any CPU
		{C770E722-7363-40DC-ADE1-9ECC5F329A52}.Debug|iPhone.Deploy.0 = Debug|Any CPU
		{C770E722-7363-40DC-ADE1-9ECC5F329A52}.Debug|iPhoneSimulator.ActiveCfg = Debug|Any CPU
		{C770E722-7363-40DC-ADE1-9ECC5F329A52}.Debug|iPhoneSimulator.Build.0 = Debug|Any CPU
		{C770E722-7363-40DC-ADE1-9ECC5F329A52}.Debug|iPhoneSimulator.Deploy.0 = Debug|Any CPU
		{C770E722-7363-40DC-ADE1-9ECC5F329A52}.Debug|x64.ActiveCfg = Debug|Any CPU
		{C770E722-7363-40DC-ADE1-9ECC5F329A52}.Debug|x64.Build.0 = Debug|Any CPU
		{C770E722-7363-40DC-ADE1-9ECC5F329A52}.Debug|x64.Deploy.0 = Debug|Any CPU
		{C770E722-7363-40DC-ADE1-9ECC5F329A52}.Debug|x86.ActiveCfg = Debug|Any CPU
		{C770E722-7363-40DC-ADE1-9ECC5F329A52}.Debug|x86.Build.0 = Debug|Any CPU
		{C770E722-7363-40DC-ADE1-9ECC5F329A52}.Debug|x86.Deploy.0 = Debug|Any CPU
		{C770E722-7363-40DC-ADE1-9ECC5F329A52}.Release|Any CPU.ActiveCfg = Release|Any CPU
		{C770E722-7363-40DC-ADE1-9ECC5F329A52}.Release|Any CPU.Build.0 = Release|Any CPU
		{C770E722-7363-40DC-ADE1-9ECC5F329A52}.Release|Any CPU.Deploy.0 = Release|Any CPU
		{C770E722-7363-40DC-ADE1-9ECC5F329A52}.Release|ARM.ActiveCfg = Release|Any CPU
		{C770E722-7363-40DC-ADE1-9ECC5F329A52}.Release|ARM.Build.0 = Release|Any CPU
		{C770E722-7363-40DC-ADE1-9ECC5F329A52}.Release|ARM.Deploy.0 = Release|Any CPU
		{C770E722-7363-40DC-ADE1-9ECC5F329A52}.Release|iPhone.ActiveCfg = Release|Any CPU
		{C770E722-7363-40DC-ADE1-9ECC5F329A52}.Release|iPhone.Build.0 = Release|Any CPU
		{C770E722-7363-40DC-ADE1-9ECC5F329A52}.Release|iPhone.Deploy.0 = Release|Any CPU
		{C770E722-7363-40DC-ADE1-9ECC5F329A52}.Release|iPhoneSimulator.ActiveCfg = Release|Any CPU
		{C770E722-7363-40DC-ADE1-9ECC5F329A52}.Release|iPhoneSimulator.Build.0 = Release|Any CPU
		{C770E722-7363-40DC-ADE1-9ECC5F329A52}.Release|iPhoneSimulator.Deploy.0 = Release|Any CPU
		{C770E722-7363-40DC-ADE1-9ECC5F329A52}.Release|x64.ActiveCfg = Release|Any CPU
		{C770E722-7363-40DC-ADE1-9ECC5F329A52}.Release|x64.Build.0 = Release|Any CPU
		{C770E722-7363-40DC-ADE1-9ECC5F329A52}.Release|x64.Deploy.0 = Release|Any CPU
		{C770E722-7363-40DC-ADE1-9ECC5F329A52}.Release|x86.ActiveCfg = Release|Any CPU
		{C770E722-7363-40DC-ADE1-9ECC5F329A52}.Release|x86.Build.0 = Release|Any CPU
		{C770E722-7363-40DC-ADE1-9ECC5F329A52}.Release|x86.Deploy.0 = Release|Any CPU
		{EDF16795-566A-40F4-87F4-9246472914B8}.Debug|Any CPU.ActiveCfg = Debug|iPhone
		{EDF16795-566A-40F4-87F4-9246472914B8}.Debug|Any CPU.Build.0 = Debug|iPhone
		{EDF16795-566A-40F4-87F4-9246472914B8}.Debug|Any CPU.Deploy.0 = Debug|iPhone
		{EDF16795-566A-40F4-87F4-9246472914B8}.Debug|ARM.ActiveCfg = Debug|iPhoneSimulator
		{EDF16795-566A-40F4-87F4-9246472914B8}.Debug|ARM.Build.0 = Debug|iPhoneSimulator
		{EDF16795-566A-40F4-87F4-9246472914B8}.Debug|ARM.Deploy.0 = Debug|iPhoneSimulator
		{EDF16795-566A-40F4-87F4-9246472914B8}.Debug|iPhone.ActiveCfg = Debug|iPhone
		{EDF16795-566A-40F4-87F4-9246472914B8}.Debug|iPhone.Build.0 = Debug|iPhone
		{EDF16795-566A-40F4-87F4-9246472914B8}.Debug|iPhone.Deploy.0 = Debug|iPhone
		{EDF16795-566A-40F4-87F4-9246472914B8}.Debug|iPhoneSimulator.ActiveCfg = Debug|iPhoneSimulator
		{EDF16795-566A-40F4-87F4-9246472914B8}.Debug|iPhoneSimulator.Build.0 = Debug|iPhoneSimulator
		{EDF16795-566A-40F4-87F4-9246472914B8}.Debug|iPhoneSimulator.Deploy.0 = Debug|iPhoneSimulator
		{EDF16795-566A-40F4-87F4-9246472914B8}.Debug|x64.ActiveCfg = Debug|iPhone
		{EDF16795-566A-40F4-87F4-9246472914B8}.Debug|x64.Build.0 = Debug|iPhone
		{EDF16795-566A-40F4-87F4-9246472914B8}.Debug|x64.Deploy.0 = Debug|iPhone
		{EDF16795-566A-40F4-87F4-9246472914B8}.Debug|x86.ActiveCfg = Debug|iPhone
		{EDF16795-566A-40F4-87F4-9246472914B8}.Debug|x86.Build.0 = Debug|iPhone
		{EDF16795-566A-40F4-87F4-9246472914B8}.Debug|x86.Deploy.0 = Debug|iPhone
		{EDF16795-566A-40F4-87F4-9246472914B8}.Release|Any CPU.ActiveCfg = Release|iPhone
		{EDF16795-566A-40F4-87F4-9246472914B8}.Release|Any CPU.Build.0 = Release|iPhone
		{EDF16795-566A-40F4-87F4-9246472914B8}.Release|Any CPU.Deploy.0 = Release|iPhone
		{EDF16795-566A-40F4-87F4-9246472914B8}.Release|ARM.ActiveCfg = Release|iPhone
		{EDF16795-566A-40F4-87F4-9246472914B8}.Release|ARM.Build.0 = Release|iPhone
		{EDF16795-566A-40F4-87F4-9246472914B8}.Release|ARM.Deploy.0 = Release|iPhone
		{EDF16795-566A-40F4-87F4-9246472914B8}.Release|iPhone.ActiveCfg = Release|iPhone
		{EDF16795-566A-40F4-87F4-9246472914B8}.Release|iPhone.Build.0 = Release|iPhone
		{EDF16795-566A-40F4-87F4-9246472914B8}.Release|iPhone.Deploy.0 = Release|iPhone
		{EDF16795-566A-40F4-87F4-9246472914B8}.Release|iPhoneSimulator.ActiveCfg = Release|iPhoneSimulator
		{EDF16795-566A-40F4-87F4-9246472914B8}.Release|iPhoneSimulator.Build.0 = Release|iPhoneSimulator
		{EDF16795-566A-40F4-87F4-9246472914B8}.Release|iPhoneSimulator.Deploy.0 = Release|iPhoneSimulator
		{EDF16795-566A-40F4-87F4-9246472914B8}.Release|x64.ActiveCfg = Release|iPhone
		{EDF16795-566A-40F4-87F4-9246472914B8}.Release|x64.Build.0 = Release|iPhone
		{EDF16795-566A-40F4-87F4-9246472914B8}.Release|x64.Deploy.0 = Release|iPhone
		{EDF16795-566A-40F4-87F4-9246472914B8}.Release|x86.ActiveCfg = Release|iPhone
		{EDF16795-566A-40F4-87F4-9246472914B8}.Release|x86.Build.0 = Release|iPhone
		{EDF16795-566A-40F4-87F4-9246472914B8}.Release|x86.Deploy.0 = Release|iPhone
		{5F5C454D-48C6-485D-BFF6-CB2249E43AF7}.Debug|Any CPU.ActiveCfg = Debug|Any CPU
		{5F5C454D-48C6-485D-BFF6-CB2249E43AF7}.Debug|Any CPU.Build.0 = Debug|Any CPU
		{5F5C454D-48C6-485D-BFF6-CB2249E43AF7}.Debug|Any CPU.Deploy.0 = Debug|Any CPU
		{5F5C454D-48C6-485D-BFF6-CB2249E43AF7}.Debug|ARM.ActiveCfg = Debug|Any CPU
		{5F5C454D-48C6-485D-BFF6-CB2249E43AF7}.Debug|ARM.Build.0 = Debug|Any CPU
		{5F5C454D-48C6-485D-BFF6-CB2249E43AF7}.Debug|ARM.Deploy.0 = Debug|Any CPU
		{5F5C454D-48C6-485D-BFF6-CB2249E43AF7}.Debug|iPhone.ActiveCfg = Debug|Any CPU
		{5F5C454D-48C6-485D-BFF6-CB2249E43AF7}.Debug|iPhone.Build.0 = Debug|Any CPU
		{5F5C454D-48C6-485D-BFF6-CB2249E43AF7}.Debug|iPhone.Deploy.0 = Debug|Any CPU
		{5F5C454D-48C6-485D-BFF6-CB2249E43AF7}.Debug|iPhoneSimulator.ActiveCfg = Debug|Any CPU
		{5F5C454D-48C6-485D-BFF6-CB2249E43AF7}.Debug|iPhoneSimulator.Build.0 = Debug|Any CPU
		{5F5C454D-48C6-485D-BFF6-CB2249E43AF7}.Debug|iPhoneSimulator.Deploy.0 = Debug|Any CPU
		{5F5C454D-48C6-485D-BFF6-CB2249E43AF7}.Debug|x64.ActiveCfg = Debug|Any CPU
		{5F5C454D-48C6-485D-BFF6-CB2249E43AF7}.Debug|x64.Build.0 = Debug|Any CPU
		{5F5C454D-48C6-485D-BFF6-CB2249E43AF7}.Debug|x64.Deploy.0 = Debug|Any CPU
		{5F5C454D-48C6-485D-BFF6-CB2249E43AF7}.Debug|x86.ActiveCfg = Debug|Any CPU
		{5F5C454D-48C6-485D-BFF6-CB2249E43AF7}.Debug|x86.Build.0 = Debug|Any CPU
		{5F5C454D-48C6-485D-BFF6-CB2249E43AF7}.Debug|x86.Deploy.0 = Debug|Any CPU
		{5F5C454D-48C6-485D-BFF6-CB2249E43AF7}.Release|Any CPU.ActiveCfg = Release|Any CPU
		{5F5C454D-48C6-485D-BFF6-CB2249E43AF7}.Release|Any CPU.Build.0 = Release|Any CPU
		{5F5C454D-48C6-485D-BFF6-CB2249E43AF7}.Release|Any CPU.Deploy.0 = Release|Any CPU
		{5F5C454D-48C6-485D-BFF6-CB2249E43AF7}.Release|ARM.ActiveCfg = Release|Any CPU
		{5F5C454D-48C6-485D-BFF6-CB2249E43AF7}.Release|ARM.Build.0 = Release|Any CPU
		{5F5C454D-48C6-485D-BFF6-CB2249E43AF7}.Release|ARM.Deploy.0 = Release|Any CPU
		{5F5C454D-48C6-485D-BFF6-CB2249E43AF7}.Release|iPhone.ActiveCfg = Release|Any CPU
		{5F5C454D-48C6-485D-BFF6-CB2249E43AF7}.Release|iPhone.Build.0 = Release|Any CPU
		{5F5C454D-48C6-485D-BFF6-CB2249E43AF7}.Release|iPhone.Deploy.0 = Release|Any CPU
		{5F5C454D-48C6-485D-BFF6-CB2249E43AF7}.Release|iPhoneSimulator.ActiveCfg = Release|Any CPU
		{5F5C454D-48C6-485D-BFF6-CB2249E43AF7}.Release|iPhoneSimulator.Build.0 = Release|Any CPU
		{5F5C454D-48C6-485D-BFF6-CB2249E43AF7}.Release|iPhoneSimulator.Deploy.0 = Release|Any CPU
		{5F5C454D-48C6-485D-BFF6-CB2249E43AF7}.Release|x64.ActiveCfg = Release|Any CPU
		{5F5C454D-48C6-485D-BFF6-CB2249E43AF7}.Release|x64.Build.0 = Release|Any CPU
		{5F5C454D-48C6-485D-BFF6-CB2249E43AF7}.Release|x64.Deploy.0 = Release|Any CPU
		{5F5C454D-48C6-485D-BFF6-CB2249E43AF7}.Release|x86.ActiveCfg = Release|Any CPU
		{5F5C454D-48C6-485D-BFF6-CB2249E43AF7}.Release|x86.Build.0 = Release|Any CPU
		{5F5C454D-48C6-485D-BFF6-CB2249E43AF7}.Release|x86.Deploy.0 = Release|Any CPU
	EndGlobalSection
	GlobalSection(SolutionProperties) = preSolution
		HideSolutionNode = FALSE
	EndGlobalSection
	GlobalSection(ExtensibilityGlobals) = postSolution
		SolutionGuid = {4173965E-F631-44B5-8CA1-99F4D91BEAE3}
	EndGlobalSection
EndGlobal
